
Microsoft Visual Studio Solution File, Format Version 12.00
# Visual Studio Version 17
VisualStudioVersion = 17.2.32526.322
MinimumVisualStudioVersion = 10.0.40219.1
Project("{2150E333-8FDC-42A3-9474-1A3956D46DE8}") = "src", "src", "{812DDF7A-835A-4A50-9776-F791A41BE019}"
EndProject
Project("{6EC3EE1D-3C4E-46DD-8F32-0CC8E7565705}") = "App", "src\App\App.fsproj", "{3F2F1026-720A-4C50-93DA-17BEA4131FEC}"
EndProject
Project("{2150E333-8FDC-42A3-9474-1A3956D46DE8}") = "Lib", "Lib", "{8134734C-3C6F-4ACD-B312-42ECEEDC8353}"
EndProject
Project("{6EC3EE1D-3C4E-46DD-8F32-0CC8E7565705}") = "Parser", "src\Lib\Parser\Parser.fsproj", "{1809961D-B427-454A-A9AB-B24AF0B74E16}"
EndProject
Project("{6EC3EE1D-3C4E-46DD-8F32-0CC8E7565705}") = "Tests", "src\Tests\Tests.fsproj", "{4037735E-F4C9-4D37-9815-09A4606B8C47}"
EndProject
Project("{6EC3EE1D-3C4E-46DD-8F32-0CC8E7565705}") = "Drawing", "src\Lib\Drawing\Drawing.fsproj", "{4CC2257B-8063-4FA7-AA11-DD8D00AE3D1B}"
EndProject
Project("{F2A71F9B-5D33-465A-A702-920D77279786}") = "TypeCheck", "src\Lib\TypeCheck\TypeCheck.fsproj", "{FB813178-B6CA-4245-BEAD-3B6EEA4446F3}"
EndProject
Project("{F2A71F9B-5D33-465A-A702-920D77279786}") = "ChemicalReactionSimulator", "src\ChemicalReactionSimulator\ChemicalReactionSimulator.fsproj", "{0FD43A40-7E4D-42CB-8AF5-6C7A399D3F1B}"
EndProject
Project("{F2A71F9B-5D33-465A-A702-920D77279786}") = "ChemicalReactions", "src\Lib\ChemicalReactions\ChemicalReactions.fsproj", "{EA27A644-DEA9-43FF-8442-BFFB04851004}"
EndProject
Global
	GlobalSection(SolutionConfigurationPlatforms) = preSolution
		Debug|Any CPU = Debug|Any CPU
		Release|Any CPU = Release|Any CPU
	EndGlobalSection
	GlobalSection(ProjectConfigurationPlatforms) = postSolution
		{3F2F1026-720A-4C50-93DA-17BEA4131FEC}.Debug|Any CPU.ActiveCfg = Debug|Any CPU
		{3F2F1026-720A-4C50-93DA-17BEA4131FEC}.Debug|Any CPU.Build.0 = Debug|Any CPU
		{3F2F1026-720A-4C50-93DA-17BEA4131FEC}.Release|Any CPU.ActiveCfg = Release|Any CPU
		{3F2F1026-720A-4C50-93DA-17BEA4131FEC}.Release|Any CPU.Build.0 = Release|Any CPU
		{1809961D-B427-454A-A9AB-B24AF0B74E16}.Debug|Any CPU.ActiveCfg = Debug|Any CPU
		{1809961D-B427-454A-A9AB-B24AF0B74E16}.Debug|Any CPU.Build.0 = Debug|Any CPU
		{1809961D-B427-454A-A9AB-B24AF0B74E16}.Release|Any CPU.ActiveCfg = Release|Any CPU
		{1809961D-B427-454A-A9AB-B24AF0B74E16}.Release|Any CPU.Build.0 = Release|Any CPU
		{4037735E-F4C9-4D37-9815-09A4606B8C47}.Debug|Any CPU.ActiveCfg = Debug|Any CPU
		{4037735E-F4C9-4D37-9815-09A4606B8C47}.Debug|Any CPU.Build.0 = Debug|Any CPU
		{4037735E-F4C9-4D37-9815-09A4606B8C47}.Release|Any CPU.ActiveCfg = Release|Any CPU
		{4037735E-F4C9-4D37-9815-09A4606B8C47}.Release|Any CPU.Build.0 = Release|Any CPU
		{4CC2257B-8063-4FA7-AA11-DD8D00AE3D1B}.Debug|Any CPU.ActiveCfg = Debug|Any CPU
		{4CC2257B-8063-4FA7-AA11-DD8D00AE3D1B}.Debug|Any CPU.Build.0 = Debug|Any CPU
		{4CC2257B-8063-4FA7-AA11-DD8D00AE3D1B}.Release|Any CPU.ActiveCfg = Release|Any CPU
		{4CC2257B-8063-4FA7-AA11-DD8D00AE3D1B}.Release|Any CPU.Build.0 = Release|Any CPU
		{FB813178-B6CA-4245-BEAD-3B6EEA4446F3}.Debug|Any CPU.ActiveCfg = Debug|Any CPU
		{FB813178-B6CA-4245-BEAD-3B6EEA4446F3}.Debug|Any CPU.Build.0 = Debug|Any CPU
		{FB813178-B6CA-4245-BEAD-3B6EEA4446F3}.Release|Any CPU.ActiveCfg = Release|Any CPU
		{FB813178-B6CA-4245-BEAD-3B6EEA4446F3}.Release|Any CPU.Build.0 = Release|Any CPU
		{0FD43A40-7E4D-42CB-8AF5-6C7A399D3F1B}.Debug|Any CPU.ActiveCfg = Debug|Any CPU
		{0FD43A40-7E4D-42CB-8AF5-6C7A399D3F1B}.Debug|Any CPU.Build.0 = Debug|Any CPU
		{0FD43A40-7E4D-42CB-8AF5-6C7A399D3F1B}.Release|Any CPU.ActiveCfg = Release|Any CPU
		{0FD43A40-7E4D-42CB-8AF5-6C7A399D3F1B}.Release|Any CPU.Build.0 = Release|Any CPU
		{EA27A644-DEA9-43FF-8442-BFFB04851004}.Debug|Any CPU.ActiveCfg = Debug|Any CPU
		{EA27A644-DEA9-43FF-8442-BFFB04851004}.Debug|Any CPU.Build.0 = Debug|Any CPU
		{EA27A644-DEA9-43FF-8442-BFFB04851004}.Release|Any CPU.ActiveCfg = Release|Any CPU
		{EA27A644-DEA9-43FF-8442-BFFB04851004}.Release|Any CPU.Build.0 = Release|Any CPU
	EndGlobalSection
	GlobalSection(SolutionProperties) = preSolution
		HideSolutionNode = FALSE
	EndGlobalSection
	GlobalSection(NestedProjects) = preSolution
		{3F2F1026-720A-4C50-93DA-17BEA4131FEC} = {812DDF7A-835A-4A50-9776-F791A41BE019}
		{8134734C-3C6F-4ACD-B312-42ECEEDC8353} = {812DDF7A-835A-4A50-9776-F791A41BE019}
		{1809961D-B427-454A-A9AB-B24AF0B74E16} = {8134734C-3C6F-4ACD-B312-42ECEEDC8353}
		{4037735E-F4C9-4D37-9815-09A4606B8C47} = {812DDF7A-835A-4A50-9776-F791A41BE019}
		{4CC2257B-8063-4FA7-AA11-DD8D00AE3D1B} = {8134734C-3C6F-4ACD-B312-42ECEEDC8353}
		{FB813178-B6CA-4245-BEAD-3B6EEA4446F3} = {8134734C-3C6F-4ACD-B312-42ECEEDC8353}
		{0FD43A40-7E4D-42CB-8AF5-6C7A399D3F1B} = {812DDF7A-835A-4A50-9776-F791A41BE019}
		{EA27A644-DEA9-43FF-8442-BFFB04851004} = {8134734C-3C6F-4ACD-B312-42ECEEDC8353}
	EndGlobalSection
	GlobalSection(ExtensibilityGlobals) = postSolution
		SolutionGuid = {D52D312D-FE27-4C8C-9ED7-3321F155716E}
	EndGlobalSection
EndGlobal
